# This file is automatically @generated by Cargo.
# It is not intended for manual editing.
version = 3

[[package]]
name = "convert_case"
version = "0.6.0"
source = "registry+https://github.com/rust-lang/crates.io-index"
checksum = "ec182b0ca2f35d8fc196cf3404988fd8b8c739a4d270ff118a398feb0cbec1ca"
dependencies = [
 "unicode-segmentation",
]

[[package]]
name = "countme"
version = "3.0.1"
source = "registry+https://github.com/rust-lang/crates.io-index"
checksum = "7704b5fdd17b18ae31c4c1da5a2e0305a2bf17b5249300a9ee9ed7b72114c636"

[[package]]
name = "hashbrown"
version = "0.14.5"
source = "registry+https://github.com/rust-lang/crates.io-index"
checksum = "e5274423e17b7c9fc20b6e7e208532f9b19825d82dfd615708b70edd83df41f1"

[[package]]
name = "nix-compiler"
version = "0.1.0"
dependencies = [
 "nix-macros",
 "rnix",
 "rowan",
 "thiserror",
]

[[package]]
name = "nix-macros"
version = "0.1.0"
dependencies = [
 "convert_case",
 "proc-macro2",
 "quote",
 "venial",
]

[[package]]
name = "proc-macro2"
version = "1.0.89"
source = "registry+https://github.com/rust-lang/crates.io-index"
checksum = "f139b0662de085916d1fb67d2b4169d1addddda1919e696f3252b740b629986e"
dependencies = [
 "unicode-ident",
]

[[package]]
name = "quote"
version = "1.0.37"
source = "registry+https://github.com/rust-lang/crates.io-index"
checksum = "b5b9d34b8991d19d98081b46eacdd8eb58c6f2b201139f7c5f643cc155a633af"
dependencies = [
 "proc-macro2",
]

[[package]]
name = "rnix"
version = "0.11.0"
source = "registry+https://github.com/rust-lang/crates.io-index"
checksum = "bb35cedbeb70e0ccabef2a31bcff0aebd114f19566086300b8f42c725fc2cb5f"
dependencies = [
 "rowan",
]

[[package]]
name = "rowan"
version = "0.15.16"
source = "registry+https://github.com/rust-lang/crates.io-index"
checksum = "0a542b0253fa46e632d27a1dc5cf7b930de4df8659dc6e720b647fc72147ae3d"
dependencies = [
 "countme",
 "hashbrown",
 "rustc-hash",
 "text-size",
]

[[package]]
name = "rustc-hash"
version = "1.1.0"
source = "registry+https://github.com/rust-lang/crates.io-index"
checksum = "08d43f7aa6b08d49f382cde6a7982047c3426db949b1424bc4b7ec9ae12c6ce2"

[[package]]
name = "syn"
version = "2.0.85"
source = "registry+https://github.com/rust-lang/crates.io-index"
checksum = "5023162dfcd14ef8f32034d8bcd4cc5ddc61ef7a247c024a33e24e1f24d21b56"
dependencies = [
 "proc-macro2",
 "quote",
 "unicode-ident",
]

[[package]]
name = "text-size"
version = "1.1.1"
source = "registry+https://github.com/rust-lang/crates.io-index"
checksum = "f18aa187839b2bdb1ad2fa35ead8c4c2976b64e4363c386d45ac0f7ee85c9233"

[[package]]
name = "thiserror"
version = "1.0.65"
source = "registry+https://github.com/rust-lang/crates.io-index"
checksum = "5d11abd9594d9b38965ef50805c5e469ca9cc6f197f883f717e0269a3057b3d5"
dependencies = [
 "thiserror-impl",
]

[[package]]
name = "thiserror-impl"
version = "1.0.65"
source = "registry+https://github.com/rust-lang/crates.io-index"
checksum = "ae71770322cbd277e69d762a16c444af02aa0575ac0d174f0b9562d3b37f8602"
dependencies = [
 "proc-macro2",
 "quote",
 "syn",
]

[[package]]
name = "unicode-ident"
version = "1.0.13"
source = "registry+https://github.com/rust-lang/crates.io-index"
checksum = "e91b56cd4cadaeb79bbf1a5645f6b4f8dc5bde8834ad5894a8db35fda9efa1fe"

[[package]]
name = "unicode-segmentation"
version = "1.12.0"
source = "registry+https://github.com/rust-lang/crates.io-index"
checksum = "f6ccf251212114b54433ec949fd6a7841275f9ada20dddd2f29e9ceea4501493"

[[package]]
name = "venial"
version = "0.6.0"
source = "registry+https://github.com/rust-lang/crates.io-index"
checksum = "6816bc32f30bf8dd1b3adb04de8406c7bf187d2f923bd9e4c0b99365d012613f"
dependencies = [
 "proc-macro2",
 "quote",
]
